
Microsoft Visual Studio Solution File, Format Version 12.00
Project("{FAE04EC0-301F-11D3-BF4B-00C04F79EFBC}") = "WebApi", "WebApi\WebApi.csproj", "{389D2643-6232-44FE-9D62-96327AC613EE}"
EndProject
Global
	GlobalSection(SolutionConfigurationPlatforms) = preSolution
		Debug|Any CPU = Debug|Any CPU
		Release|Any CPU = Release|Any CPU
	EndGlobalSection
	GlobalSection(ProjectConfigurationPlatforms) = postSolution
		{389D2643-6232-44FE-9D62-96327AC613EE}.Debug|Any CPU.ActiveCfg = Debug|Any CPU
		{389D2643-6232-44FE-9D62-96327AC613EE}.Debug|Any CPU.Build.0 = Debug|Any CPU
		{389D2643-6232-44FE-9D62-96327AC613EE}.Release|Any CPU.ActiveCfg = Release|Any CPU
		{389D2643-6232-44FE-9D62-96327AC613EE}.Release|Any CPU.Build.0 = Release|Any CPU
	EndGlobalSection
EndGlobal
